
Microsoft Visual Studio Solution File, Format Version 12.00
# Visual Studio Version 16
VisualStudioVersion = 16.0.30907.101
MinimumVisualStudioVersion = 10.0.40219.1
Project("{FAE04EC0-301F-11D3-BF4B-00C04F79EFBC}") = "RequerimientosST.Web", "RequerimientosST.Web\RequerimientosST.Web.csproj", "{2906856D-8CBF-4F7A-A67A-76DB4FD4EE58}"
EndProject
Project("{FAE04EC0-301F-11D3-BF4B-00C04F79EFBC}") = "RequerimientosST.BL", "RequerimientosST.BL\RequerimientosST.BL.csproj", "{AC3FDDBF-0947-4E7E-B3DD-B81F35DEF5CF}"
EndProject
Global
	GlobalSection(SolutionConfigurationPlatforms) = preSolution
		Debug|Any CPU = Debug|Any CPU
		Release|Any CPU = Release|Any CPU
	EndGlobalSection
	GlobalSection(ProjectConfigurationPlatforms) = postSolution
		{2906856D-8CBF-4F7A-A67A-76DB4FD4EE58}.Debug|Any CPU.ActiveCfg = Debug|Any CPU
		{2906856D-8CBF-4F7A-A67A-76DB4FD4EE58}.Debug|Any CPU.Build.0 = Debug|Any CPU
		{2906856D-8CBF-4F7A-A67A-76DB4FD4EE58}.Release|Any CPU.ActiveCfg = Release|Any CPU
		{2906856D-8CBF-4F7A-A67A-76DB4FD4EE58}.Release|Any CPU.Build.0 = Release|Any CPU
		{AC3FDDBF-0947-4E7E-B3DD-B81F35DEF5CF}.Debug|Any CPU.ActiveCfg = Debug|Any CPU
		{AC3FDDBF-0947-4E7E-B3DD-B81F35DEF5CF}.Debug|Any CPU.Build.0 = Debug|Any CPU
		{AC3FDDBF-0947-4E7E-B3DD-B81F35DEF5CF}.Release|Any CPU.ActiveCfg = Release|Any CPU
		{AC3FDDBF-0947-4E7E-B3DD-B81F35DEF5CF}.Release|Any CPU.Build.0 = Release|Any CPU
	EndGlobalSection
	GlobalSection(SolutionProperties) = preSolution
		HideSolutionNode = FALSE
	EndGlobalSection
	GlobalSection(ExtensibilityGlobals) = postSolution
		SolutionGuid = {A4C0C78A-1835-4604-8B70-3875881823C8}
	EndGlobalSection
EndGlobal
